
Microsoft Visual Studio Solution File, Format Version 12.00
# Visual Studio Version 17
VisualStudioVersion = 17.9.34622.214
MinimumVisualStudioVersion = 10.0.40219.1
Project("{9A19103F-16F7-4668-BE54-9A1E7A4F7556}") = "Toggl.Track.SDK", "Toggl.Track.SDK\Toggl.Track.SDK.csproj", "{9078737C-CC8A-4CAA-9392-C554344F400A}"
EndProject
Project("{9A19103F-16F7-4668-BE54-9A1E7A4F7556}") = "Toggl.Track.Console", "Toggl.Track.Console\Toggl.Track.Console.csproj", "{7D01B5E0-A0BE-47C2-A53D-842FBDFC332F}"
EndProject
Project("{FAE04EC0-301F-11D3-BF4B-00C04F79EFBC}") = "Toggl.Track.SDK.Test", "Toggl.Track.SDK.Test\Toggl.Track.SDK.Test.csproj", "{81CFFC50-0F62-4C69-926A-5DD7DAF9A12D}"
EndProject
Global
	GlobalSection(SolutionConfigurationPlatforms) = preSolution
		Debug|Any CPU = Debug|Any CPU
		Release|Any CPU = Release|Any CPU
	EndGlobalSection
	GlobalSection(ProjectConfigurationPlatforms) = postSolution
		{9078737C-CC8A-4CAA-9392-C554344F400A}.Debug|Any CPU.ActiveCfg = Debug|Any CPU
		{9078737C-CC8A-4CAA-9392-C554344F400A}.Debug|Any CPU.Build.0 = Debug|Any CPU
		{9078737C-CC8A-4CAA-9392-C554344F400A}.Release|Any CPU.ActiveCfg = Release|Any CPU
		{9078737C-CC8A-4CAA-9392-C554344F400A}.Release|Any CPU.Build.0 = Release|Any CPU
		{7D01B5E0-A0BE-47C2-A53D-842FBDFC332F}.Debug|Any CPU.ActiveCfg = Debug|Any CPU
		{7D01B5E0-A0BE-47C2-A53D-842FBDFC332F}.Debug|Any CPU.Build.0 = Debug|Any CPU
		{7D01B5E0-A0BE-47C2-A53D-842FBDFC332F}.Release|Any CPU.ActiveCfg = Release|Any CPU
		{7D01B5E0-A0BE-47C2-A53D-842FBDFC332F}.Release|Any CPU.Build.0 = Release|Any CPU
		{81CFFC50-0F62-4C69-926A-5DD7DAF9A12D}.Debug|Any CPU.ActiveCfg = Debug|Any CPU
		{81CFFC50-0F62-4C69-926A-5DD7DAF9A12D}.Debug|Any CPU.Build.0 = Debug|Any CPU
		{81CFFC50-0F62-4C69-926A-5DD7DAF9A12D}.Release|Any CPU.ActiveCfg = Release|Any CPU
		{81CFFC50-0F62-4C69-926A-5DD7DAF9A12D}.Release|Any CPU.Build.0 = Release|Any CPU
	EndGlobalSection
	GlobalSection(SolutionProperties) = preSolution
		HideSolutionNode = FALSE
	EndGlobalSection
	GlobalSection(ExtensibilityGlobals) = postSolution
		SolutionGuid = {E3389086-BF4F-4849-A8EC-5C9A53911DC2}
	EndGlobalSection
EndGlobal
